// !$*UTF8*$!
{
	archiveVersion = 1;
	classes = {
	};
	objectVersion = 50;
	objects = {

/* Begin PBXBuildFile section */
		BF08AE9623606EC50054E6EC /* AppDelegate.swift in Sources */ = {isa = PBXBuildFile; fileRef = BF08AE9523606EC50054E6EC /* AppDelegate.swift */; };
		BF08AE9823606EC50054E6EC /* SceneDelegate.swift in Sources */ = {isa = PBXBuildFile; fileRef = BF08AE9723606EC50054E6EC /* SceneDelegate.swift */; };
		BF08AE9A23606EC50054E6EC /* ViewController.swift in Sources */ = {isa = PBXBuildFile; fileRef = BF08AE9923606EC50054E6EC /* ViewController.swift */; };
		BF08AE9D23606EC50054E6EC /* Main.storyboard in Resources */ = {isa = PBXBuildFile; fileRef = BF08AE9B23606EC50054E6EC /* Main.storyboard */; };
		BF08AE9F23606EC90054E6EC /* Assets.xcassets in Resources */ = {isa = PBXBuildFile; fileRef = BF08AE9E23606EC90054E6EC /* Assets.xcassets */; };
		BF08AEA223606EC90054E6EC /* LaunchScreen.storyboard in Resources */ = {isa = PBXBuildFile; fileRef = BF08AEA023606EC90054E6EC /* LaunchScreen.storyboard */; };
		BF08AEAD23606ECA0054E6EC /* I_am_richTests.swift in Sources */ = {isa = PBXBuildFile; fileRef = BF08AEAC23606ECA0054E6EC /* I_am_richTests.swift */; };
		BF08AEB823606ECA0054E6EC /* I_am_richUITests.swift in Sources */ = {isa = PBXBuildFile; fileRef = BF08AEB723606ECA0054E6EC /* I_am_richUITests.swift */; };
/* End PBXBuildFile section */

/* Begin PBXContainerItemProxy section */
		BF08AEA923606ECA0054E6EC /* PBXContainerItemProxy */ = {
			isa = PBXContainerItemProxy;
			containerPortal = BF08AE8A23606EC50054E6EC /* Project object */;
			proxyType = 1;
			remoteGlobalIDString = BF08AE9123606EC50054E6EC;
			remoteInfo = "I am rich";
		};
		BF08AEB423606ECA0054E6EC /* PBXContainerItemProxy */ = {
			isa = PBXContainerItemProxy;
			containerPortal = BF08AE8A23606EC50054E6EC /* Project object */;
			proxyType = 1;
			remoteGlobalIDString = BF08AE9123606EC50054E6EC;
			remoteInfo = "I am rich";
		};
/* End PBXContainerItemProxy section */

/* Begin PBXFileReference section */
		BF08AE9223606EC50054E6EC /* I am rich.app */ = {isa = PBXFileReference; explicitFileType = wrapper.application; includeInIndex = 0; path = "I am rich.app"; sourceTree = BUILT_PRODUCTS_DIR; };
		BF08AE9523606EC50054E6EC /* AppDelegate.swift */ = {isa = PBXFileReference; lastKnownFileType = sourcecode.swift; path = AppDelegate.swift; sourceTree = "<group>"; };
		BF08AE9723606EC50054E6EC /* SceneDelegate.swift */ = {isa = PBXFileReference; lastKnownFileType = sourcecode.swift; path = SceneDelegate.swift; sourceTree = "<group>"; };
		BF08AE9923606EC50054E6EC /* ViewController.swift */ = {isa = PBXFileReference; lastKnownFileType = sourcecode.swift; path = ViewController.swift; sourceTree = "<group>"; };
		BF08AE9C23606EC50054E6EC /* Base */ = {isa = PBXFileReference; lastKnownFileType = file.storyboard; name = Base; path = Base.lproj/Main.storyboard; sourceTree = "<group>"; };
		BF08AE9E23606EC90054E6EC /* Assets.xcassets */ = {isa = PBXFileReference; lastKnownFileType = folder.assetcatalog; path = Assets.xcassets; sourceTree = "<group>"; };
		BF08AEA123606EC90054E6EC /* Base */ = {isa = PBXFileReference; lastKnownFileType = file.storyboard; name = Base; path = Base.lproj/LaunchScreen.storyboard; sourceTree = "<group>"; };
		BF08AEA323606EC90054E6EC /* Info.plist */ = {isa = PBXFileReference; lastKnownFileType = text.plist.xml; path = Info.plist; sourceTree = "<group>"; };
		BF08AEA823606ECA0054E6EC /* I am richTests.xctest */ = {isa = PBXFileReference; explicitFileType = wrapper.cfbundle; includeInIndex = 0; path = "I am richTests.xctest"; sourceTree = BUILT_PRODUCTS_DIR; };
		BF08AEAC23606ECA0054E6EC /* I_am_richTests.swift */ = {isa = PBXFileReference; lastKnownFileType = sourcecode.swift; path = I_am_richTests.swift; sourceTree = "<group>"; };
		BF08AEAE23606ECA0054E6EC /* Info.plist */ = {isa = PBXFileReference; lastKnownFileType = text.plist.xml; path = Info.plist; sourceTree = "<group>"; };
		BF08AEB323606ECA0054E6EC /* I am richUITests.xctest */ = {isa = PBXFileReference; explicitFileType = wrapper.cfbundle; includeInIndex = 0; path = "I am richUITests.xctest"; sourceTree = BUILT_PRODUCTS_DIR; };
		BF08AEB723606ECA0054E6EC /* I_am_richUITests.swift */ = {isa = PBXFileReference; lastKnownFileType = sourcecode.swift; path = I_am_richUITests.swift; sourceTree = "<group>"; };
		BF08AEB923606ECA0054E6EC /* Info.plist */ = {isa = PBXFileReference; lastKnownFileType = text.plist.xml; path = Info.plist; sourceTree = "<group>"; };
/* End PBXFileReference section */

/* Begin PBXFrameworksBuildPhase section */
		BF08AE8F23606EC50054E6EC /* Frameworks */ = {
			isa = PBXFrameworksBuildPhase;
			buildActionMask = 2147483647;
			files = (
			);
			runOnlyForDeploymentPostprocessing = 0;
		};
		BF08AEA523606ECA0054E6EC /* Frameworks */ = {
			isa = PBXFrameworksBuildPhase;
			buildActionMask = 2147483647;
			files = (
			);
			runOnlyForDeploymentPostprocessing = 0;
		};
		BF08AEB023606ECA0054E6EC /* Frameworks */ = {
			isa = PBXFrameworksBuildPhase;
			buildActionMask = 2147483647;
			files = (
			);
			runOnlyForDeploymentPostprocessing = 0;
		};
/* End PBXFrameworksBuildPhase section */

/* Begin PBXGroup section */
		BF08AE8923606EC50054E6EC = {
			isa = PBXGroup;
			children = (
				BF08AE9423606EC50054E6EC /* I am rich */,
				BF08AEAB23606ECA0054E6EC /* I am richTests */,
				BF08AEB623606ECA0054E6EC /* I am richUITests */,
				BF08AE9323606EC50054E6EC /* Products */,
			);
			sourceTree = "<group>";
		};
		BF08AE9323606EC50054E6EC /* Products */ = {
			isa = PBXGroup;
			children = (
				BF08AE9223606EC50054E6EC /* I am rich.app */,
				BF08AEA823606ECA0054E6EC /* I am richTests.xctest */,
				BF08AEB323606ECA0054E6EC /* I am richUITests.xctest */,
			);
			name = Products;
			sourceTree = "<group>";
		};
		BF08AE9423606EC50054E6EC /* I am rich */ = {
			isa = PBXGroup;
			children = (
				BF08AE9523606EC50054E6EC /* AppDelegate.swift */,
				BF08AE9723606EC50054E6EC /* SceneDelegate.swift */,
				BF08AE9923606EC50054E6EC /* ViewController.swift */,
				BF08AE9B23606EC50054E6EC /* Main.storyboard */,
				BF08AE9E23606EC90054E6EC /* Assets.xcassets */,
				BF08AEA023606EC90054E6EC /* LaunchScreen.storyboard */,
				BF08AEA323606EC90054E6EC /* Info.plist */,
			);
			path = "I am rich";
			sourceTree = "<group>";
		};
		BF08AEAB23606ECA0054E6EC /* I am richTests */ = {
			isa = PBXGroup;
			children = (
				BF08AEAC23606ECA0054E6EC /* I_am_richTests.swift */,
				BF08AEAE23606ECA0054E6EC /* Info.plist */,
			);
			path = "I am richTests";
			sourceTree = "<group>";
		};
		BF08AEB623606ECA0054E6EC /* I am richUITests */ = {
			isa = PBXGroup;
			children = (
				BF08AEB723606ECA0054E6EC /* I_am_richUITests.swift */,
				BF08AEB923606ECA0054E6EC /* Info.plist */,
			);
			path = "I am richUITests";
			sourceTree = "<group>";
		};
/* End PBXGroup section */

/* Begin PBXNativeTarget section */
		BF08AE9123606EC50054E6EC /* I am rich */ = {
			isa = PBXNativeTarget;
			buildConfigurationList = BF08AEBC23606ECA0054E6EC /* Build configuration list for PBXNativeTarget "I am rich" */;
			buildPhases = (
				BF08AE8E23606EC50054E6EC /* Sources */,
				BF08AE8F23606EC50054E6EC /* Frameworks */,
				BF08AE9023606EC50054E6EC /* Resources */,
			);
			buildRules = (
			);
			dependencies = (
			);
			name = "I am rich";
			productName = "I am rich";
			productReference = BF08AE9223606EC50054E6EC /* I am rich.app */;
			productType = "com.apple.product-type.application";
		};
		BF08AEA723606ECA0054E6EC /* I am richTests */ = {
			isa = PBXNativeTarget;
			buildConfigurationList = BF08AEBF23606ECA0054E6EC /* Build configuration list for PBXNativeTarget "I am richTests" */;
			buildPhases = (
				BF08AEA423606ECA0054E6EC /* Sources */,
				BF08AEA523606ECA0054E6EC /* Frameworks */,
				BF08AEA623606ECA0054E6EC /* Resources */,
			);
			buildRules = (
			);
			dependencies = (
				BF08AEAA23606ECA0054E6EC /* PBXTargetDependency */,
			);
			name = "I am richTests";
			productName = "I am richTests";
			productReference = BF08AEA823606ECA0054E6EC /* I am richTests.xctest */;
			productType = "com.apple.product-type.bundle.unit-test";
		};
		BF08AEB223606ECA0054E6EC /* I am richUITests */ = {
			isa = PBXNativeTarget;
			buildConfigurationList = BF08AEC223606ECA0054E6EC /* Build configuration list for PBXNativeTarget "I am richUITests" */;
			buildPhases = (
				BF08AEAF23606ECA0054E6EC /* Sources */,
				BF08AEB023606ECA0054E6EC /* Frameworks */,
				BF08AEB123606ECA0054E6EC /* Resources */,
			);
			buildRules = (
			);
			dependencies = (
				BF08AEB523606ECA0054E6EC /* PBXTargetDependency */,
			);
			name = "I am richUITests";
			productName = "I am richUITests";
			productReference = BF08AEB323606ECA0054E6EC /* I am richUITests.xctest */;
			productType = "com.apple.product-type.bundle.ui-testing";
		};
/* End PBXNativeTarget section */

/* Begin PBXProject section */
		BF08AE8A23606EC50054E6EC /* Project object */ = {
			isa = PBXProject;
			attributes = {
				LastSwiftUpdateCheck = 1110;
				LastUpgradeCheck = 1110;
				ORGANIZATIONNAME = "廖政豪";
				TargetAttributes = {
					BF08AE9123606EC50054E6EC = {
						CreatedOnToolsVersion = 11.1;
					};
					BF08AEA723606ECA0054E6EC = {
						CreatedOnToolsVersion = 11.1;
						TestTargetID = BF08AE9123606EC50054E6EC;
					};
					BF08AEB223606ECA0054E6EC = {
						CreatedOnToolsVersion = 11.1;
						TestTargetID = BF08AE9123606EC50054E6EC;
					};
				};
			};
			buildConfigurationList = BF08AE8D23606EC50054E6EC /* Build configuration list for PBXProject "I am rich" */;
			compatibilityVersion = "Xcode 9.3";
			developmentRegion = en;
			hasScannedForEncodings = 0;
			knownRegions = (
				en,
				Base,
			);
			mainGroup = BF08AE8923606EC50054E6EC;
			productRefGroup = BF08AE9323606EC50054E6EC /* Products */;
			projectDirPath = "";
			projectRoot = "";
			targets = (
				BF08AE9123606EC50054E6EC /* I am rich */,
				BF08AEA723606ECA0054E6EC /* I am richTests */,
				BF08AEB223606ECA0054E6EC /* I am richUITests */,
			);
		};
/* End PBXProject section */

/* Begin PBXResourcesBuildPhase section */
		BF08AE9023606EC50054E6EC /* Resources */ = {
			isa = PBXResourcesBuildPhase;
			buildActionMask = 2147483647;
			files = (
				BF08AEA223606EC90054E6EC /* LaunchScreen.storyboard in Resources */,
				BF08AE9F23606EC90054E6EC /* Assets.xcassets in Resources */,
				BF08AE9D23606EC50054E6EC /* Main.storyboard in Resources */,
			);
			runOnlyForDeploymentPostprocessing = 0;
		};
		BF08AEA623606ECA0054E6EC /* Resources */ = {
			isa = PBXResourcesBuildPhase;
			buildActionMask = 2147483647;
			files = (
			);
			runOnlyForDeploymentPostprocessing = 0;
		};
		BF08AEB123606ECA0054E6EC /* Resources */ = {
			isa = PBXResourcesBuildPhase;
			buildActionMask = 2147483647;
			files = (
			);
			runOnlyForDeploymentPostprocessing = 0;
		};
/* End PBXResourcesBuildPhase section */

/* Begin PBXSourcesBuildPhase section */
		BF08AE8E23606EC50054E6EC /* Sources */ = {
			isa = PBXSourcesBuildPhase;
			buildActionMask = 2147483647;
			files = (
				BF08AE9A23606EC50054E6EC /* ViewController.swift in Sources */,
				BF08AE9623606EC50054E6EC /* AppDelegate.swift in Sources */,
				BF08AE9823606EC50054E6EC /* SceneDelegate.swift in Sources */,
			);
			runOnlyForDeploymentPostprocessing = 0;
		};
		BF08AEA423606ECA0054E6EC /* Sources */ = {
			isa = PBXSourcesBuildPhase;
			buildActionMask = 2147483647;
			files = (
				BF08AEAD23606ECA0054E6EC /* I_am_richTests.swift in Sources */,
			);
			runOnlyForDeploymentPostprocessing = 0;
		};
		BF08AEAF23606ECA0054E6EC /* Sources */ = {
			isa = PBXSourcesBuildPhase;
			buildActionMask = 2147483647;
			files = (
				BF08AEB823606ECA0054E6EC /* I_am_richUITests.swift in Sources */,
			);
			runOnlyForDeploymentPostprocessing = 0;
		};
/* End PBXSourcesBuildPhase section */

/* Begin PBXTargetDependency section */
		BF08AEAA23606ECA0054E6EC /* PBXTargetDependency */ = {
			isa = PBXTargetDependency;
			target = BF08AE9123606EC50054E6EC /* I am rich */;
			targetProxy = BF08AEA923606ECA0054E6EC /* PBXContainerItemProxy */;
		};
		BF08AEB523606ECA0054E6EC /* PBXTargetDependency */ = {
			isa = PBXTargetDependency;
			target = BF08AE9123606EC50054E6EC /* I am rich */;
			targetProxy = BF08AEB423606ECA0054E6EC /* PBXContainerItemProxy */;
		};
/* End PBXTargetDependency section */

/* Begin PBXVariantGroup section */
		BF08AE9B23606EC50054E6EC /* Main.storyboard */ = {
			isa = PBXVariantGroup;
			children = (
				BF08AE9C23606EC50054E6EC /* Base */,
			);
			name = Main.storyboard;
			sourceTree = "<group>";
		};
		BF08AEA023606EC90054E6EC /* LaunchScreen.storyboard */ = {
			isa = PBXVariantGroup;
			children = (
				BF08AEA123606EC90054E6EC /* Base */,
			);
			name = LaunchScreen.storyboard;
			sourceTree = "<group>";
		};
/* End PBXVariantGroup section */

/* Begin XCBuildConfiguration section */
		BF08AEBA23606ECA0054E6EC /* Debug */ = {
			isa = XCBuildConfiguration;
			buildSettings = {
				ALWAYS_SEARCH_USER_PATHS = NO;
				CLANG_ANALYZER_NONNULL = YES;
				CLANG_ANALYZER_NUMBER_OBJECT_CONVERSION = YES_AGGRESSIVE;
				CLANG_CXX_LANGUAGE_STANDARD = "gnu++14";
				CLANG_CXX_LIBRARY = "libc++";
				CLANG_ENABLE_MODULES = YES;
				CLANG_ENABLE_OBJC_ARC = YES;
				CLANG_ENABLE_OBJC_WEAK = YES;
				CLANG_WARN_BLOCK_CAPTURE_AUTORELEASING = YES;
				CLANG_WARN_BOOL_CONVERSION = YES;
				CLANG_WARN_COMMA = YES;
				CLANG_WARN_CONSTANT_CONVERSION = YES;
				CLANG_WARN_DEPRECATED_OBJC_IMPLEMENTATIONS = YES;
				CLANG_WARN_DIRECT_OBJC_ISA_USAGE = YES_ERROR;
				CLANG_WARN_DOCUMENTATION_COMMENTS = YES;
				CLANG_WARN_EMPTY_BODY = YES;
				CLANG_WARN_ENUM_CONVERSION = YES;
				CLANG_WARN_INFINITE_RECURSION = YES;
				CLANG_WARN_INT_CONVERSION = YES;
				CLANG_WARN_NON_LITERAL_NULL_CONVERSION = YES;
				CLANG_WARN_OBJC_IMPLICIT_RETAIN_SELF = YES;
				CLANG_WARN_OBJC_LITERAL_CONVERSION = YES;
				CLANG_WARN_OBJC_ROOT_CLASS = YES_ERROR;
				CLANG_WARN_RANGE_LOOP_ANALYSIS = YES;
				CLANG_WARN_STRICT_PROTOTYPES = YES;
				CLANG_WARN_SUSPICIOUS_MOVE = YES;
				CLANG_WARN_UNGUARDED_AVAILABILITY = YES_AGGRESSIVE;
				CLANG_WARN_UNREACHABLE_CODE = YES;
				CLANG_WARN__DUPLICATE_METHOD_MATCH = YES;
				COPY_PHASE_STRIP = NO;
				DEBUG_INFORMATION_FORMAT = dwarf;
				ENABLE_STRICT_OBJC_MSGSEND = YES;
				ENABLE_TESTABILITY = YES;
				GCC_C_LANGUAGE_STANDARD = gnu11;
				GCC_DYNAMIC_NO_PIC = NO;
				GCC_NO_COMMON_BLOCKS = YES;
				GCC_OPTIMIZATION_LEVEL = 0;
				GCC_PREPROCESSOR_DEFINITIONS = (
					"DEBUG=1",
					"$(inherited)",
				);
				GCC_WARN_64_TO_32_BIT_CONVERSION = YES;
				GCC_WARN_ABOUT_RETURN_TYPE = YES_ERROR;
				GCC_WARN_UNDECLARED_SELECTOR = YES;
				GCC_WARN_UNINITIALIZED_AUTOS = YES_AGGRESSIVE;
				GCC_WARN_UNUSED_FUNCTION = YES;
				GCC_WARN_UNUSED_VARIABLE = YES;
				IPHONEOS_DEPLOYMENT_TARGET = 13.1;
				MTL_ENABLE_DEBUG_INFO = INCLUDE_SOURCE;
				MTL_FAST_MATH = YES;
				ONLY_ACTIVE_ARCH = YES;
				SDKROOT = iphoneos;
				SWIFT_ACTIVE_COMPILATION_CONDITIONS = DEBUG;
				SWIFT_OPTIMIZATION_LEVEL = "-Onone";
			};
			name = Debug;
		};
		BF08AEBB23606ECA0054E6EC /* Release */ = {
			isa = XCBuildConfiguration;
			buildSettings = {
				ALWAYS_SEARCH_USER_PATHS = NO;
				CLANG_ANALYZER_NONNULL = YES;
				CLANG_ANALYZER_NUMBER_OBJECT_CONVERSION = YES_AGGRESSIVE;
				CLANG_CXX_LANGUAGE_STANDARD = "gnu++14";
				CLANG_CXX_LIBRARY = "libc++";
				CLANG_ENABLE_MODULES = YES;
				CLANG_ENABLE_OBJC_ARC = YES;
				CLANG_ENABLE_OBJC_WEAK = YES;
				CLANG_WARN_BLOCK_CAPTURE_AUTORELEASING = YES;
				CLANG_WARN_BOOL_CONVERSION = YES;
				CLANG_WARN_COMMA = YES;
				CLANG_WARN_CONSTANT_CONVERSION = YES;
				CLANG_WARN_DEPRECATED_OBJC_IMPLEMENTATIONS = YES;
				CLANG_WARN_DIRECT_OBJC_ISA_USAGE = YES_ERROR;
				CLANG_WARN_DOCUMENTATION_COMMENTS = YES;
				CLANG_WARN_EMPTY_BODY = YES;
				CLANG_WARN_ENUM_CONVERSION = YES;
				CLANG_WARN_INFINITE_RECURSION = YES;
				CLANG_WARN_INT_CONVERSION = YES;
				CLANG_WARN_NON_LITERAL_NULL_CONVERSION = YES;
				CLANG_WARN_OBJC_IMPLICIT_RETAIN_SELF = YES;
				CLANG_WARN_OBJC_LITERAL_CONVERSION = YES;
				CLANG_WARN_OBJC_ROOT_CLASS = YES_ERROR;
				CLANG_WARN_RANGE_LOOP_ANALYSIS = YES;
				CLANG_WARN_STRICT_PROTOTYPES = YES;
				CLANG_WARN_SUSPICIOUS_MOVE = YES;
				CLANG_WARN_UNGUARDED_AVAILABILITY = YES_AGGRESSIVE;
				CLANG_WARN_UNREACHABLE_CODE = YES;
				CLANG_WARN__DUPLICATE_METHOD_MATCH = YES;
				COPY_PHASE_STRIP = NO;
				DEBUG_INFORMATION_FORMAT = "dwarf-with-dsym";
				ENABLE_NS_ASSERTIONS = NO;
				ENABLE_STRICT_OBJC_MSGSEND = YES;
				GCC_C_LANGUAGE_STANDARD = gnu11;
				GCC_NO_COMMON_BLOCKS = YES;
				GCC_WARN_64_TO_32_BIT_CONVERSION = YES;
				GCC_WARN_ABOUT_RETURN_TYPE = YES_ERROR;
				GCC_WARN_UNDECLARED_SELECTOR = YES;
				GCC_WARN_UNINITIALIZED_AUTOS = YES_AGGRESSIVE;
				GCC_WARN_UNUSED_FUNCTION = YES;
				GCC_WARN_UNUSED_VARIABLE = YES;
				IPHONEOS_DEPLOYMENT_TARGET = 13.1;
				MTL_ENABLE_DEBUG_INFO = NO;
				MTL_FAST_MATH = YES;
				SDKROOT = iphoneos;
				SWIFT_COMPILATION_MODE = wholemodule;
				SWIFT_OPTIMIZATION_LEVEL = "-O";
				VALIDATE_PRODUCT = YES;
			};
			name = Release;
		};
		BF08AEBD23606ECA0054E6EC /* Debug */ = {
			isa = XCBuildConfiguration;
			buildSettings = {
				ASSETCATALOG_COMPILER_APPICON_NAME = AppIcon;
				CODE_SIGN_STYLE = Automatic;
				DEVELOPMENT_TEAM = 7ZKAV74ARP;
				INFOPLIST_FILE = "I am rich/Info.plist";
				LD_RUNPATH_SEARCH_PATHS = (
					"$(inherited)",
					"@executable_path/Frameworks",
				);
				PRODUCT_BUNDLE_IDENTIFIER = "com.louisliao.I-am-rich";
				PRODUCT_NAME = "$(TARGET_NAME)";
				SWIFT_VERSION = 5.0;
				TARGETED_DEVICE_FAMILY = "1,2";
			};
			name = Debug;
		};
		BF08AEBE23606ECA0054E6EC /* Release */ = {
			isa = XCBuildConfiguration;
			buildSettings = {
				ASSETCATALOG_COMPILER_APPICON_NAME = AppIcon;
				CODE_SIGN_STYLE = Automatic;
				DEVELOPMENT_TEAM = 7ZKAV74ARP;
				INFOPLIST_FILE = "I am rich/Info.plist";
				LD_RUNPATH_SEARCH_PATHS = (
					"$(inherited)",
					"@executable_path/Frameworks",
				);
				PRODUCT_BUNDLE_IDENTIFIER = "com.louisliao.I-am-rich";
				PRODUCT_NAME = "$(TARGET_NAME)";
				SWIFT_VERSION = 5.0;
				TARGETED_DEVICE_FAMILY = "1,2";
			};
			name = Release;
		};
		BF08AEC023606ECA0054E6EC /* Debug */ = {
			isa = XCBuildConfiguration;
			buildSettings = {
				ALWAYS_EMBED_SWIFT_STANDARD_LIBRARIES = YES;
				BUNDLE_LOADER = "$(TEST_HOST)";
				CODE_SIGN_STYLE = Automatic;
				INFOPLIST_FILE = "I am richTests/Info.plist";
				IPHONEOS_DEPLOYMENT_TARGET = 13.1;
				LD_RUNPATH_SEARCH_PATHS = (
					"$(inherited)",
					"@executable_path/Frameworks",
					"@loader_path/Frameworks",
				);
				PRODUCT_BUNDLE_IDENTIFIER = "com.louisliao.I-am-richTests";
				PRODUCT_NAME = "$(TARGET_NAME)";
				SWIFT_VERSION = 5.0;
				TARGETED_DEVICE_FAMILY = "1,2";
				TEST_HOST = "$(BUILT_PRODUCTS_DIR)/I am rich.app/I am rich";
			};
			name = Debug;
		};
		BF08AEC123606ECA0054E6EC /* Release */ = {
			isa = XCBuildConfiguration;
			buildSettings = {
				ALWAYS_EMBED_SWIFT_STANDARD_LIBRARIES = YES;
				BUNDLE_LOADER = "$(TEST_HOST)";
				CODE_SIGN_STYLE = Automatic;
				INFOPLIST_FILE = "I am richTests/Info.plist";
				IPHONEOS_DEPLOYMENT_TARGET = 13.1;
				LD_RUNPATH_SEARCH_PATHS = (
					"$(inherited)",
					"@executable_path/Frameworks",
					"@loader_path/Frameworks",
				);
				PRODUCT_BUNDLE_IDENTIFIER = "com.louisliao.I-am-richTests";
				PRODUCT_NAME = "$(TARGET_NAME)";
				SWIFT_VERSION = 5.0;
				TARGETED_DEVICE_FAMILY = "1,2";
				TEST_HOST = "$(BUILT_PRODUCTS_DIR)/I am rich.app/I am rich";
			};
			name = Release;
		};
		BF08AEC323606ECA0054E6EC /* Debug */ = {
			isa = XCBuildConfiguration;
			buildSettings = {
				ALWAYS_EMBED_SWIFT_STANDARD_LIBRARIES = YES;
				CODE_SIGN_STYLE = Automatic;
				INFOPLIST_FILE = "I am richUITests/Info.plist";
				LD_RUNPATH_SEARCH_PATHS = (
					"$(inherited)",
					"@executable_path/Frameworks",
					"@loader_path/Frameworks",
				);
				PRODUCT_BUNDLE_IDENTIFIER = "com.louisliao.I-am-richUITests";
				PRODUCT_NAME = "$(TARGET_NAME)";
				SWIFT_VERSION = 5.0;
				TARGETED_DEVICE_FAMILY = "1,2";
				TEST_TARGET_NAME = "I am rich";
			};
			name = Debug;
		};
		BF08AEC423606ECA0054E6EC /* Release */ = {
			isa = XCBuildConfiguration;
			buildSettings = {
				ALWAYS_EMBED_SWIFT_STANDARD_LIBRARIES = YES;
				CODE_SIGN_STYLE = Automatic;
				INFOPLIST_FILE = "I am richUITests/Info.plist";
				LD_RUNPATH_SEARCH_PATHS = (
					"$(inherited)",
					"@executable_path/Frameworks",
					"@loader_path/Frameworks",
				);
				PRODUCT_BUNDLE_IDENTIFIER = "com.louisliao.I-am-richUITests";
				PRODUCT_NAME = "$(TARGET_NAME)";
				SWIFT_VERSION = 5.0;
				TARGETED_DEVICE_FAMILY = "1,2";
				TEST_TARGET_NAME = "I am rich";
			};
			name = Release;
		};
/* End XCBuildConfiguration section */

/* Begin XCConfigurationList section */
		BF08AE8D23606EC50054E6EC /* Build configuration list for PBXProject "I am rich" */ = {
			isa = XCConfigurationList;
			buildConfigurations = (
				BF08AEBA23606ECA0054E6EC /* Debug */,
				BF08AEBB23606ECA0054E6EC /* Release */,
			);
			defaultConfigurationIsVisible = 0;
			defaultConfigurationName = Release;
		};
		BF08AEBC23606ECA0054E6EC /* Build configuration list for PBXNativeTarget "I am rich" */ = {
			isa = XCConfigurationList;
			buildConfigurations = (
				BF08AEBD23606ECA0054E6EC /* Debug */,
				BF08AEBE23606ECA0054E6EC /* Release */,
			);
			defaultConfigurationIsVisible = 0;
			defaultConfigurationName = Release;
		};
		BF08AEBF23606ECA0054E6EC /* Build configuration list for PBXNativeTarget "I am richTests" */ = {
			isa = XCConfigurationList;
			buildConfigurations = (
				BF08AEC023606ECA0054E6EC /* Debug */,
				BF08AEC123606ECA0054E6EC /* Release */,
			);
			defaultConfigurationIsVisible = 0;
			defaultConfigurationName = Release;
		};
		BF08AEC223606ECA0054E6EC /* Build configuration list for PBXNativeTarget "I am richUITests" */ = {
			isa = XCConfigurationList;
			buildConfigurations = (
				BF08AEC323606ECA0054E6EC /* Debug */,
				BF08AEC423606ECA0054E6EC /* Release */,
			);
			defaultConfigurationIsVisible = 0;
			defaultConfigurationName = Release;
		};
/* End XCConfigurationList section */
	};
	rootObject = BF08AE8A23606EC50054E6EC /* Project object */;
}
