// !$*UTF8*$!
{
	archiveVersion = 1;
	classes = {
	};
	objectVersion = 50;
	objects = {

/* Begin PBXBuildFile section */
		A5B976A623FD26FE00BB68CE /* MainPageText.swift in Sources */ = {isa = PBXBuildFile; fileRef = A5B976A523FD26FE00BB68CE /* MainPageText.swift */; };
		A5B976AF23FD326600BB68CE /* MainPageText2.swift in Sources */ = {isa = PBXBuildFile; fileRef = A5B976AE23FD326600BB68CE /* MainPageText2.swift */; };
		A5B976B123FD33AA00BB68CE /* MainPageText3.swift in Sources */ = {isa = PBXBuildFile; fileRef = A5B976B023FD33AA00BB68CE /* MainPageText3.swift */; };
		A5B976B323FD33BD00BB68CE /* MainPageText4.swift in Sources */ = {isa = PBXBuildFile; fileRef = A5B976B223FD33BD00BB68CE /* MainPageText4.swift */; };
		AD0B9F7A230D61800065EFD9 /* AppDelegate.swift in Sources */ = {isa = PBXBuildFile; fileRef = AD0B9F79230D61800065EFD9 /* AppDelegate.swift */; };
		AD0B9F7C230D61800065EFD9 /* SceneDelegate.swift in Sources */ = {isa = PBXBuildFile; fileRef = AD0B9F7B230D61800065EFD9 /* SceneDelegate.swift */; };
		AD0B9F7E230D61800065EFD9 /* CalculatorViewController.swift in Sources */ = {isa = PBXBuildFile; fileRef = AD0B9F7D230D61800065EFD9 /* CalculatorViewController.swift */; };
		AD0B9F81230D61800065EFD9 /* Main.storyboard in Resources */ = {isa = PBXBuildFile; fileRef = AD0B9F7F230D61800065EFD9 /* Main.storyboard */; };
		AD0B9F83230D61840065EFD9 /* Assets.xcassets in Resources */ = {isa = PBXBuildFile; fileRef = AD0B9F82230D61840065EFD9 /* Assets.xcassets */; };
		AD0B9F86230D61840065EFD9 /* LaunchScreen.storyboard in Resources */ = {isa = PBXBuildFile; fileRef = AD0B9F84230D61840065EFD9 /* LaunchScreen.storyboard */; };
		AD64359A2312D0BC00E22B00 /* README.md in Resources */ = {isa = PBXBuildFile; fileRef = AD6435992312D0BC00E22B00 /* README.md */; };
		BF95B9DA2370117F009F5378 /* ResultViewController.swift in Sources */ = {isa = PBXBuildFile; fileRef = BF95B9D92370117F009F5378 /* ResultViewController.swift */; };
		BF95B9DC2371155F009F5378 /* CalculatorBrain.swift in Sources */ = {isa = PBXBuildFile; fileRef = BF95B9DB2371155F009F5378 /* CalculatorBrain.swift */; };
		BF95B9F923712EA3009F5378 /* BMI.swift in Sources */ = {isa = PBXBuildFile; fileRef = BF95B9F823712EA3009F5378 /* BMI.swift */; };
/* End PBXBuildFile section */

/* Begin PBXContainerItemProxy section */
		A5B976A823FD26FE00BB68CE /* PBXContainerItemProxy */ = {
			isa = PBXContainerItemProxy;
			containerPortal = AD0B9F6E230D61800065EFD9 /* Project object */;
			proxyType = 1;
			remoteGlobalIDString = AD0B9F75230D61800065EFD9;
			remoteInfo = "BMI Calculator";
		};
/* End PBXContainerItemProxy section */

/* Begin PBXFileReference section */
		A5B976A323FD26FE00BB68CE /* BMI CalculatorUITests.xctest */ = {isa = PBXFileReference; explicitFileType = wrapper.cfbundle; includeInIndex = 0; path = "BMI CalculatorUITests.xctest"; sourceTree = BUILT_PRODUCTS_DIR; };
		A5B976A523FD26FE00BB68CE /* MainPageText.swift */ = {isa = PBXFileReference; lastKnownFileType = sourcecode.swift; path = MainPageText.swift; sourceTree = "<group>"; };
		A5B976A723FD26FE00BB68CE /* Info.plist */ = {isa = PBXFileReference; lastKnownFileType = text.plist.xml; path = Info.plist; sourceTree = "<group>"; };
		A5B976AE23FD326600BB68CE /* MainPageText2.swift */ = {isa = PBXFileReference; lastKnownFileType = sourcecode.swift; path = MainPageText2.swift; sourceTree = "<group>"; };
		A5B976B023FD33AA00BB68CE /* MainPageText3.swift */ = {isa = PBXFileReference; lastKnownFileType = sourcecode.swift; path = MainPageText3.swift; sourceTree = "<group>"; };
		A5B976B223FD33BD00BB68CE /* MainPageText4.swift */ = {isa = PBXFileReference; lastKnownFileType = sourcecode.swift; path = MainPageText4.swift; sourceTree = "<group>"; };
		AD0B9F76230D61800065EFD9 /* BMI Calculator.app */ = {isa = PBXFileReference; explicitFileType = wrapper.application; includeInIndex = 0; path = "BMI Calculator.app"; sourceTree = BUILT_PRODUCTS_DIR; };
		AD0B9F79230D61800065EFD9 /* AppDelegate.swift */ = {isa = PBXFileReference; lastKnownFileType = sourcecode.swift; path = AppDelegate.swift; sourceTree = "<group>"; };
		AD0B9F7B230D61800065EFD9 /* SceneDelegate.swift */ = {isa = PBXFileReference; lastKnownFileType = sourcecode.swift; path = SceneDelegate.swift; sourceTree = "<group>"; };
		AD0B9F7D230D61800065EFD9 /* CalculatorViewController.swift */ = {isa = PBXFileReference; lastKnownFileType = sourcecode.swift; path = CalculatorViewController.swift; sourceTree = "<group>"; };
		AD0B9F80230D61800065EFD9 /* Base */ = {isa = PBXFileReference; lastKnownFileType = file.storyboard; name = Base; path = Base.lproj/Main.storyboard; sourceTree = "<group>"; };
		AD0B9F82230D61840065EFD9 /* Assets.xcassets */ = {isa = PBXFileReference; lastKnownFileType = folder.assetcatalog; path = Assets.xcassets; sourceTree = "<group>"; };
		AD0B9F85230D61840065EFD9 /* Base */ = {isa = PBXFileReference; lastKnownFileType = file.storyboard; name = Base; path = Base.lproj/LaunchScreen.storyboard; sourceTree = "<group>"; };
		AD0B9F87230D61840065EFD9 /* Info.plist */ = {isa = PBXFileReference; lastKnownFileType = text.plist.xml; path = Info.plist; sourceTree = "<group>"; };
		AD6435992312D0BC00E22B00 /* README.md */ = {isa = PBXFileReference; fileEncoding = 4; lastKnownFileType = net.daringfireball.markdown; path = README.md; sourceTree = "<group>"; };
		BF95B9D92370117F009F5378 /* ResultViewController.swift */ = {isa = PBXFileReference; lastKnownFileType = sourcecode.swift; path = ResultViewController.swift; sourceTree = "<group>"; };
		BF95B9DB2371155F009F5378 /* CalculatorBrain.swift */ = {isa = PBXFileReference; lastKnownFileType = sourcecode.swift; name = CalculatorBrain.swift; path = "BMI Calculator/Controllers/CalculatorBrain.swift"; sourceTree = SOURCE_ROOT; };
		BF95B9F823712EA3009F5378 /* BMI.swift */ = {isa = PBXFileReference; lastKnownFileType = sourcecode.swift; name = BMI.swift; path = "BMI Calculator/Controllers/BMI.swift"; sourceTree = SOURCE_ROOT; };
/* End PBXFileReference section */

/* Begin PBXFrameworksBuildPhase section */
		A5B976A023FD26FE00BB68CE /* Frameworks */ = {
			isa = PBXFrameworksBuildPhase;
			buildActionMask = 2147483647;
			files = (
			);
			runOnlyForDeploymentPostprocessing = 0;
		};
		AD0B9F73230D61800065EFD9 /* Frameworks */ = {
			isa = PBXFrameworksBuildPhase;
			buildActionMask = 2147483647;
			files = (
			);
			runOnlyForDeploymentPostprocessing = 0;
		};
/* End PBXFrameworksBuildPhase section */

/* Begin PBXGroup section */
		A5B976A423FD26FE00BB68CE /* BMI CalculatorUITests */ = {
			isa = PBXGroup;
			children = (
				A5B976A523FD26FE00BB68CE /* MainPageText.swift */,
				A5B976B023FD33AA00BB68CE /* MainPageText3.swift */,
				A5B976B223FD33BD00BB68CE /* MainPageText4.swift */,
				A5B976AE23FD326600BB68CE /* MainPageText2.swift */,
				A5B976A723FD26FE00BB68CE /* Info.plist */,
			);
			path = "BMI CalculatorUITests";
			sourceTree = "<group>";
		};
		AD0B9F6D230D61800065EFD9 = {
			isa = PBXGroup;
			children = (
				AD6435992312D0BC00E22B00 /* README.md */,
				AD0B9F78230D61800065EFD9 /* BMI Calculator */,
				A5B976A423FD26FE00BB68CE /* BMI CalculatorUITests */,
				AD0B9F77230D61800065EFD9 /* Products */,
			);
			sourceTree = "<group>";
		};
		AD0B9F77230D61800065EFD9 /* Products */ = {
			isa = PBXGroup;
			children = (
				AD0B9F76230D61800065EFD9 /* BMI Calculator.app */,
				A5B976A323FD26FE00BB68CE /* BMI CalculatorUITests.xctest */,
			);
			name = Products;
			sourceTree = "<group>";
		};
		AD0B9F78230D61800065EFD9 /* BMI Calculator */ = {
			isa = PBXGroup;
			children = (
				AD0B9F79230D61800065EFD9 /* AppDelegate.swift */,
				AD0B9F7B230D61800065EFD9 /* SceneDelegate.swift */,
				AD0B9F8F230D63EA0065EFD9 /* Models */,
				AD0B9F8E230D63E10065EFD9 /* Views */,
				AD0B9F8D230D63D70065EFD9 /* Controllers */,
				AD0B9F82230D61840065EFD9 /* Assets.xcassets */,
				AD0B9F84230D61840065EFD9 /* LaunchScreen.storyboard */,
				AD0B9F87230D61840065EFD9 /* Info.plist */,
			);
			path = "BMI Calculator";
			sourceTree = "<group>";
		};
		AD0B9F8D230D63D70065EFD9 /* Controllers */ = {
			isa = PBXGroup;
			children = (
				AD0B9F7D230D61800065EFD9 /* CalculatorViewController.swift */,
				BF95B9D92370117F009F5378 /* ResultViewController.swift */,
			);
			path = Controllers;
			sourceTree = "<group>";
		};
		AD0B9F8E230D63E10065EFD9 /* Views */ = {
			isa = PBXGroup;
			children = (
				AD0B9F7F230D61800065EFD9 /* Main.storyboard */,
			);
			path = Views;
			sourceTree = "<group>";
		};
		AD0B9F8F230D63EA0065EFD9 /* Models */ = {
			isa = PBXGroup;
			children = (
				BF95B9DB2371155F009F5378 /* CalculatorBrain.swift */,
				BF95B9F823712EA3009F5378 /* BMI.swift */,
			);
			path = Models;
			sourceTree = "<group>";
		};
/* End PBXGroup section */

/* Begin PBXNativeTarget section */
		A5B976A223FD26FE00BB68CE /* BMI CalculatorUITests */ = {
			isa = PBXNativeTarget;
			buildConfigurationList = A5B976AA23FD26FF00BB68CE /* Build configuration list for PBXNativeTarget "BMI CalculatorUITests" */;
			buildPhases = (
				A5B9769F23FD26FE00BB68CE /* Sources */,
				A5B976A023FD26FE00BB68CE /* Frameworks */,
				A5B976A123FD26FE00BB68CE /* Resources */,
			);
			buildRules = (
			);
			dependencies = (
				A5B976A923FD26FE00BB68CE /* PBXTargetDependency */,
			);
			name = "BMI CalculatorUITests";
			productName = "BMI CalculatorUITests";
			productReference = A5B976A323FD26FE00BB68CE /* BMI CalculatorUITests.xctest */;
			productType = "com.apple.product-type.bundle.ui-testing";
		};
		AD0B9F75230D61800065EFD9 /* BMI Calculator */ = {
			isa = PBXNativeTarget;
			buildConfigurationList = AD0B9F8A230D61840065EFD9 /* Build configuration list for PBXNativeTarget "BMI Calculator" */;
			buildPhases = (
				AD0B9F72230D61800065EFD9 /* Sources */,
				AD0B9F73230D61800065EFD9 /* Frameworks */,
				AD0B9F74230D61800065EFD9 /* Resources */,
			);
			buildRules = (
			);
			dependencies = (
			);
			name = "BMI Calculator";
			productName = "BMI Calculator";
			productReference = AD0B9F76230D61800065EFD9 /* BMI Calculator.app */;
			productType = "com.apple.product-type.application";
		};
/* End PBXNativeTarget section */

/* Begin PBXProject section */
		AD0B9F6E230D61800065EFD9 /* Project object */ = {
			isa = PBXProject;
			attributes = {
				LastSwiftUpdateCheck = 1130;
				LastUpgradeCheck = 1100;
				ORGANIZATIONNAME = "Angela Yu";
				TargetAttributes = {
					A5B976A223FD26FE00BB68CE = {
						CreatedOnToolsVersion = 11.3.1;
						TestTargetID = AD0B9F75230D61800065EFD9;
					};
					AD0B9F75230D61800065EFD9 = {
						CreatedOnToolsVersion = 11.0;
					};
				};
			};
			buildConfigurationList = AD0B9F71230D61800065EFD9 /* Build configuration list for PBXProject "BMI Calculator" */;
			compatibilityVersion = "Xcode 9.3";
			developmentRegion = en;
			hasScannedForEncodings = 0;
			knownRegions = (
				en,
				Base,
			);
			mainGroup = AD0B9F6D230D61800065EFD9;
			productRefGroup = AD0B9F77230D61800065EFD9 /* Products */;
			projectDirPath = "";
			projectRoot = "";
			targets = (
				AD0B9F75230D61800065EFD9 /* BMI Calculator */,
				A5B976A223FD26FE00BB68CE /* BMI CalculatorUITests */,
			);
		};
/* End PBXProject section */

/* Begin PBXResourcesBuildPhase section */
		A5B976A123FD26FE00BB68CE /* Resources */ = {
			isa = PBXResourcesBuildPhase;
			buildActionMask = 2147483647;
			files = (
			);
			runOnlyForDeploymentPostprocessing = 0;
		};
		AD0B9F74230D61800065EFD9 /* Resources */ = {
			isa = PBXResourcesBuildPhase;
			buildActionMask = 2147483647;
			files = (
				AD0B9F86230D61840065EFD9 /* LaunchScreen.storyboard in Resources */,
				AD0B9F83230D61840065EFD9 /* Assets.xcassets in Resources */,
				AD64359A2312D0BC00E22B00 /* README.md in Resources */,
				AD0B9F81230D61800065EFD9 /* Main.storyboard in Resources */,
			);
			runOnlyForDeploymentPostprocessing = 0;
		};
/* End PBXResourcesBuildPhase section */

/* Begin PBXSourcesBuildPhase section */
		A5B9769F23FD26FE00BB68CE /* Sources */ = {
			isa = PBXSourcesBuildPhase;
			buildActionMask = 2147483647;
			files = (
				A5B976B123FD33AA00BB68CE /* MainPageText3.swift in Sources */,
				A5B976A623FD26FE00BB68CE /* MainPageText.swift in Sources */,
				A5B976B323FD33BD00BB68CE /* MainPageText4.swift in Sources */,
				A5B976AF23FD326600BB68CE /* MainPageText2.swift in Sources */,
			);
			runOnlyForDeploymentPostprocessing = 0;
		};
		AD0B9F72230D61800065EFD9 /* Sources */ = {
			isa = PBXSourcesBuildPhase;
			buildActionMask = 2147483647;
			files = (
				AD0B9F7E230D61800065EFD9 /* CalculatorViewController.swift in Sources */,
				AD0B9F7A230D61800065EFD9 /* AppDelegate.swift in Sources */,
				AD0B9F7C230D61800065EFD9 /* SceneDelegate.swift in Sources */,
				BF95B9DC2371155F009F5378 /* CalculatorBrain.swift in Sources */,
				BF95B9F923712EA3009F5378 /* BMI.swift in Sources */,
				BF95B9DA2370117F009F5378 /* ResultViewController.swift in Sources */,
			);
			runOnlyForDeploymentPostprocessing = 0;
		};
/* End PBXSourcesBuildPhase section */

/* Begin PBXTargetDependency section */
		A5B976A923FD26FE00BB68CE /* PBXTargetDependency */ = {
			isa = PBXTargetDependency;
			target = AD0B9F75230D61800065EFD9 /* BMI Calculator */;
			targetProxy = A5B976A823FD26FE00BB68CE /* PBXContainerItemProxy */;
		};
/* End PBXTargetDependency section */

/* Begin PBXVariantGroup section */
		AD0B9F7F230D61800065EFD9 /* Main.storyboard */ = {
			isa = PBXVariantGroup;
			children = (
				AD0B9F80230D61800065EFD9 /* Base */,
			);
			name = Main.storyboard;
			sourceTree = "<group>";
		};
		AD0B9F84230D61840065EFD9 /* LaunchScreen.storyboard */ = {
			isa = PBXVariantGroup;
			children = (
				AD0B9F85230D61840065EFD9 /* Base */,
			);
			name = LaunchScreen.storyboard;
			sourceTree = "<group>";
		};
/* End PBXVariantGroup section */

/* Begin XCBuildConfiguration section */
		A5B976AB23FD26FF00BB68CE /* Debug */ = {
			isa = XCBuildConfiguration;
			buildSettings = {
				CODE_SIGN_STYLE = Automatic;
				DEVELOPMENT_TEAM = C6Y4739BK7;
				INFOPLIST_FILE = "BMI CalculatorUITests/Info.plist";
				IPHONEOS_DEPLOYMENT_TARGET = 13.2;
				LD_RUNPATH_SEARCH_PATHS = (
					"$(inherited)",
					"@executable_path/Frameworks",
					"@loader_path/Frameworks",
				);
				PRODUCT_BUNDLE_IDENTIFIER = "aaa.BMI-CalculatorUITests";
				PRODUCT_NAME = "$(TARGET_NAME)";
				SWIFT_VERSION = 5.0;
				TARGETED_DEVICE_FAMILY = "1,2";
				TEST_TARGET_NAME = "BMI Calculator";
			};
			name = Debug;
		};
		A5B976AC23FD26FF00BB68CE /* Release */ = {
			isa = XCBuildConfiguration;
			buildSettings = {
				CODE_SIGN_STYLE = Automatic;
				DEVELOPMENT_TEAM = C6Y4739BK7;
				INFOPLIST_FILE = "BMI CalculatorUITests/Info.plist";
				IPHONEOS_DEPLOYMENT_TARGET = 13.2;
				LD_RUNPATH_SEARCH_PATHS = (
					"$(inherited)",
					"@executable_path/Frameworks",
					"@loader_path/Frameworks",
				);
				PRODUCT_BUNDLE_IDENTIFIER = "aaa.BMI-CalculatorUITests";
				PRODUCT_NAME = "$(TARGET_NAME)";
				SWIFT_VERSION = 5.0;
				TARGETED_DEVICE_FAMILY = "1,2";
				TEST_TARGET_NAME = "BMI Calculator";
			};
			name = Release;
		};
		AD0B9F88230D61840065EFD9 /* Debug */ = {
			isa = XCBuildConfiguration;
			buildSettings = {
				ALWAYS_SEARCH_USER_PATHS = NO;
				CLANG_ANALYZER_NONNULL = YES;
				CLANG_ANALYZER_NUMBER_OBJECT_CONVERSION = YES_AGGRESSIVE;
				CLANG_CXX_LANGUAGE_STANDARD = "gnu++14";
				CLANG_CXX_LIBRARY = "libc++";
				CLANG_ENABLE_MODULES = YES;
				CLANG_ENABLE_OBJC_ARC = YES;
				CLANG_ENABLE_OBJC_WEAK = YES;
				CLANG_WARN_BLOCK_CAPTURE_AUTORELEASING = YES;
				CLANG_WARN_BOOL_CONVERSION = YES;
				CLANG_WARN_COMMA = YES;
				CLANG_WARN_CONSTANT_CONVERSION = YES;
				CLANG_WARN_DEPRECATED_OBJC_IMPLEMENTATIONS = YES;
				CLANG_WARN_DIRECT_OBJC_ISA_USAGE = YES_ERROR;
				CLANG_WARN_DOCUMENTATION_COMMENTS = YES;
				CLANG_WARN_EMPTY_BODY = YES;
				CLANG_WARN_ENUM_CONVERSION = YES;
				CLANG_WARN_INFINITE_RECURSION = YES;
				CLANG_WARN_INT_CONVERSION = YES;
				CLANG_WARN_NON_LITERAL_NULL_CONVERSION = YES;
				CLANG_WARN_OBJC_IMPLICIT_RETAIN_SELF = YES;
				CLANG_WARN_OBJC_LITERAL_CONVERSION = YES;
				CLANG_WARN_OBJC_ROOT_CLASS = YES_ERROR;
				CLANG_WARN_RANGE_LOOP_ANALYSIS = YES;
				CLANG_WARN_STRICT_PROTOTYPES = YES;
				CLANG_WARN_SUSPICIOUS_MOVE = YES;
				CLANG_WARN_UNGUARDED_AVAILABILITY = YES_AGGRESSIVE;
				CLANG_WARN_UNREACHABLE_CODE = YES;
				CLANG_WARN__DUPLICATE_METHOD_MATCH = YES;
				COPY_PHASE_STRIP = NO;
				DEBUG_INFORMATION_FORMAT = dwarf;
				ENABLE_STRICT_OBJC_MSGSEND = YES;
				ENABLE_TESTABILITY = YES;
				GCC_C_LANGUAGE_STANDARD = gnu11;
				GCC_DYNAMIC_NO_PIC = NO;
				GCC_NO_COMMON_BLOCKS = YES;
				GCC_OPTIMIZATION_LEVEL = 0;
				GCC_PREPROCESSOR_DEFINITIONS = (
					"DEBUG=1",
					"$(inherited)",
				);
				GCC_WARN_64_TO_32_BIT_CONVERSION = YES;
				GCC_WARN_ABOUT_RETURN_TYPE = YES_ERROR;
				GCC_WARN_UNDECLARED_SELECTOR = YES;
				GCC_WARN_UNINITIALIZED_AUTOS = YES_AGGRESSIVE;
				GCC_WARN_UNUSED_FUNCTION = YES;
				GCC_WARN_UNUSED_VARIABLE = YES;
				IPHONEOS_DEPLOYMENT_TARGET = 13.0;
				MTL_ENABLE_DEBUG_INFO = INCLUDE_SOURCE;
				MTL_FAST_MATH = YES;
				ONLY_ACTIVE_ARCH = YES;
				SDKROOT = iphoneos;
				SWIFT_ACTIVE_COMPILATION_CONDITIONS = DEBUG;
				SWIFT_OPTIMIZATION_LEVEL = "-Onone";
			};
			name = Debug;
		};
		AD0B9F89230D61840065EFD9 /* Release */ = {
			isa = XCBuildConfiguration;
			buildSettings = {
				ALWAYS_SEARCH_USER_PATHS = NO;
				CLANG_ANALYZER_NONNULL = YES;
				CLANG_ANALYZER_NUMBER_OBJECT_CONVERSION = YES_AGGRESSIVE;
				CLANG_CXX_LANGUAGE_STANDARD = "gnu++14";
				CLANG_CXX_LIBRARY = "libc++";
				CLANG_ENABLE_MODULES = YES;
				CLANG_ENABLE_OBJC_ARC = YES;
				CLANG_ENABLE_OBJC_WEAK = YES;
				CLANG_WARN_BLOCK_CAPTURE_AUTORELEASING = YES;
				CLANG_WARN_BOOL_CONVERSION = YES;
				CLANG_WARN_COMMA = YES;
				CLANG_WARN_CONSTANT_CONVERSION = YES;
				CLANG_WARN_DEPRECATED_OBJC_IMPLEMENTATIONS = YES;
				CLANG_WARN_DIRECT_OBJC_ISA_USAGE = YES_ERROR;
				CLANG_WARN_DOCUMENTATION_COMMENTS = YES;
				CLANG_WARN_EMPTY_BODY = YES;
				CLANG_WARN_ENUM_CONVERSION = YES;
				CLANG_WARN_INFINITE_RECURSION = YES;
				CLANG_WARN_INT_CONVERSION = YES;
				CLANG_WARN_NON_LITERAL_NULL_CONVERSION = YES;
				CLANG_WARN_OBJC_IMPLICIT_RETAIN_SELF = YES;
				CLANG_WARN_OBJC_LITERAL_CONVERSION = YES;
				CLANG_WARN_OBJC_ROOT_CLASS = YES_ERROR;
				CLANG_WARN_RANGE_LOOP_ANALYSIS = YES;
				CLANG_WARN_STRICT_PROTOTYPES = YES;
				CLANG_WARN_SUSPICIOUS_MOVE = YES;
				CLANG_WARN_UNGUARDED_AVAILABILITY = YES_AGGRESSIVE;
				CLANG_WARN_UNREACHABLE_CODE = YES;
				CLANG_WARN__DUPLICATE_METHOD_MATCH = YES;
				COPY_PHASE_STRIP = NO;
				DEBUG_INFORMATION_FORMAT = "dwarf-with-dsym";
				ENABLE_NS_ASSERTIONS = NO;
				ENABLE_STRICT_OBJC_MSGSEND = YES;
				GCC_C_LANGUAGE_STANDARD = gnu11;
				GCC_NO_COMMON_BLOCKS = YES;
				GCC_WARN_64_TO_32_BIT_CONVERSION = YES;
				GCC_WARN_ABOUT_RETURN_TYPE = YES_ERROR;
				GCC_WARN_UNDECLARED_SELECTOR = YES;
				GCC_WARN_UNINITIALIZED_AUTOS = YES_AGGRESSIVE;
				GCC_WARN_UNUSED_FUNCTION = YES;
				GCC_WARN_UNUSED_VARIABLE = YES;
				IPHONEOS_DEPLOYMENT_TARGET = 13.0;
				MTL_ENABLE_DEBUG_INFO = NO;
				MTL_FAST_MATH = YES;
				SDKROOT = iphoneos;
				SWIFT_COMPILATION_MODE = wholemodule;
				SWIFT_OPTIMIZATION_LEVEL = "-O";
				VALIDATE_PRODUCT = YES;
			};
			name = Release;
		};
		AD0B9F8B230D61840065EFD9 /* Debug */ = {
			isa = XCBuildConfiguration;
			buildSettings = {
				ASSETCATALOG_COMPILER_APPICON_NAME = AppIcon;
				CODE_SIGN_STYLE = Automatic;
				INFOPLIST_FILE = "BMI Calculator/Info.plist";
				LD_RUNPATH_SEARCH_PATHS = (
					"$(inherited)",
					"@executable_path/Frameworks",
				);
				PRODUCT_BUNDLE_IDENTIFIER = "co.appbrewery.BMI-Calculator";
				PRODUCT_NAME = "$(TARGET_NAME)";
				SWIFT_VERSION = 5.0;
				TARGETED_DEVICE_FAMILY = "1,2";
			};
			name = Debug;
		};
		AD0B9F8C230D61840065EFD9 /* Release */ = {
			isa = XCBuildConfiguration;
			buildSettings = {
				ASSETCATALOG_COMPILER_APPICON_NAME = AppIcon;
				CODE_SIGN_STYLE = Automatic;
				INFOPLIST_FILE = "BMI Calculator/Info.plist";
				LD_RUNPATH_SEARCH_PATHS = (
					"$(inherited)",
					"@executable_path/Frameworks",
				);
				PRODUCT_BUNDLE_IDENTIFIER = "co.appbrewery.BMI-Calculator";
				PRODUCT_NAME = "$(TARGET_NAME)";
				SWIFT_VERSION = 5.0;
				TARGETED_DEVICE_FAMILY = "1,2";
			};
			name = Release;
		};
/* End XCBuildConfiguration section */

/* Begin XCConfigurationList section */
		A5B976AA23FD26FF00BB68CE /* Build configuration list for PBXNativeTarget "BMI CalculatorUITests" */ = {
			isa = XCConfigurationList;
			buildConfigurations = (
				A5B976AB23FD26FF00BB68CE /* Debug */,
				A5B976AC23FD26FF00BB68CE /* Release */,
			);
			defaultConfigurationIsVisible = 0;
			defaultConfigurationName = Release;
		};
		AD0B9F71230D61800065EFD9 /* Build configuration list for PBXProject "BMI Calculator" */ = {
			isa = XCConfigurationList;
			buildConfigurations = (
				AD0B9F88230D61840065EFD9 /* Debug */,
				AD0B9F89230D61840065EFD9 /* Release */,
			);
			defaultConfigurationIsVisible = 0;
			defaultConfigurationName = Release;
		};
		AD0B9F8A230D61840065EFD9 /* Build configuration list for PBXNativeTarget "BMI Calculator" */ = {
			isa = XCConfigurationList;
			buildConfigurations = (
				AD0B9F8B230D61840065EFD9 /* Debug */,
				AD0B9F8C230D61840065EFD9 /* Release */,
			);
			defaultConfigurationIsVisible = 0;
			defaultConfigurationName = Release;
		};
/* End XCConfigurationList section */
	};
	rootObject = AD0B9F6E230D61800065EFD9 /* Project object */;
}
