// !$*UTF8*$!
{
	archiveVersion = 1;
	classes = {
	};
	objectVersion = 50;
	objects = {

/* Begin PBXBuildFile section */
		BFC35DE82361A855000A35F7 /* AppDelegate.swift in Sources */ = {isa = PBXBuildFile; fileRef = BFC35DE72361A855000A35F7 /* AppDelegate.swift */; };
		BFC35DEA2361A855000A35F7 /* SceneDelegate.swift in Sources */ = {isa = PBXBuildFile; fileRef = BFC35DE92361A855000A35F7 /* SceneDelegate.swift */; };
		BFC35DEC2361A855000A35F7 /* ViewController.swift in Sources */ = {isa = PBXBuildFile; fileRef = BFC35DEB2361A855000A35F7 /* ViewController.swift */; };
		BFC35DEF2361A855000A35F7 /* Main.storyboard in Resources */ = {isa = PBXBuildFile; fileRef = BFC35DED2361A855000A35F7 /* Main.storyboard */; };
		BFC35DF12361A857000A35F7 /* Assets.xcassets in Resources */ = {isa = PBXBuildFile; fileRef = BFC35DF02361A857000A35F7 /* Assets.xcassets */; };
		BFC35DF42361A857000A35F7 /* LaunchScreen.storyboard in Resources */ = {isa = PBXBuildFile; fileRef = BFC35DF22361A857000A35F7 /* LaunchScreen.storyboard */; };
		BFC35DFF2361A857000A35F7 /* I_am_poorTests.swift in Sources */ = {isa = PBXBuildFile; fileRef = BFC35DFE2361A857000A35F7 /* I_am_poorTests.swift */; };
		BFC35E0A2361A857000A35F7 /* I_am_poorUITests.swift in Sources */ = {isa = PBXBuildFile; fileRef = BFC35E092361A857000A35F7 /* I_am_poorUITests.swift */; };
/* End PBXBuildFile section */

/* Begin PBXContainerItemProxy section */
		BFC35DFB2361A857000A35F7 /* PBXContainerItemProxy */ = {
			isa = PBXContainerItemProxy;
			containerPortal = BFC35DDC2361A855000A35F7 /* Project object */;
			proxyType = 1;
			remoteGlobalIDString = BFC35DE32361A855000A35F7;
			remoteInfo = "I am poor";
		};
		BFC35E062361A857000A35F7 /* PBXContainerItemProxy */ = {
			isa = PBXContainerItemProxy;
			containerPortal = BFC35DDC2361A855000A35F7 /* Project object */;
			proxyType = 1;
			remoteGlobalIDString = BFC35DE32361A855000A35F7;
			remoteInfo = "I am poor";
		};
/* End PBXContainerItemProxy section */

/* Begin PBXFileReference section */
		BFC35DE42361A855000A35F7 /* I am poor.app */ = {isa = PBXFileReference; explicitFileType = wrapper.application; includeInIndex = 0; path = "I am poor.app"; sourceTree = BUILT_PRODUCTS_DIR; };
		BFC35DE72361A855000A35F7 /* AppDelegate.swift */ = {isa = PBXFileReference; lastKnownFileType = sourcecode.swift; path = AppDelegate.swift; sourceTree = "<group>"; };
		BFC35DE92361A855000A35F7 /* SceneDelegate.swift */ = {isa = PBXFileReference; lastKnownFileType = sourcecode.swift; path = SceneDelegate.swift; sourceTree = "<group>"; };
		BFC35DEB2361A855000A35F7 /* ViewController.swift */ = {isa = PBXFileReference; lastKnownFileType = sourcecode.swift; path = ViewController.swift; sourceTree = "<group>"; };
		BFC35DEE2361A855000A35F7 /* Base */ = {isa = PBXFileReference; lastKnownFileType = file.storyboard; name = Base; path = Base.lproj/Main.storyboard; sourceTree = "<group>"; };
		BFC35DF02361A857000A35F7 /* Assets.xcassets */ = {isa = PBXFileReference; lastKnownFileType = folder.assetcatalog; path = Assets.xcassets; sourceTree = "<group>"; };
		BFC35DF32361A857000A35F7 /* Base */ = {isa = PBXFileReference; lastKnownFileType = file.storyboard; name = Base; path = Base.lproj/LaunchScreen.storyboard; sourceTree = "<group>"; };
		BFC35DF52361A857000A35F7 /* Info.plist */ = {isa = PBXFileReference; lastKnownFileType = text.plist.xml; path = Info.plist; sourceTree = "<group>"; };
		BFC35DFA2361A857000A35F7 /* I am poorTests.xctest */ = {isa = PBXFileReference; explicitFileType = wrapper.cfbundle; includeInIndex = 0; path = "I am poorTests.xctest"; sourceTree = BUILT_PRODUCTS_DIR; };
		BFC35DFE2361A857000A35F7 /* I_am_poorTests.swift */ = {isa = PBXFileReference; lastKnownFileType = sourcecode.swift; path = I_am_poorTests.swift; sourceTree = "<group>"; };
		BFC35E002361A857000A35F7 /* Info.plist */ = {isa = PBXFileReference; lastKnownFileType = text.plist.xml; path = Info.plist; sourceTree = "<group>"; };
		BFC35E052361A857000A35F7 /* I am poorUITests.xctest */ = {isa = PBXFileReference; explicitFileType = wrapper.cfbundle; includeInIndex = 0; path = "I am poorUITests.xctest"; sourceTree = BUILT_PRODUCTS_DIR; };
		BFC35E092361A857000A35F7 /* I_am_poorUITests.swift */ = {isa = PBXFileReference; lastKnownFileType = sourcecode.swift; path = I_am_poorUITests.swift; sourceTree = "<group>"; };
		BFC35E0B2361A857000A35F7 /* Info.plist */ = {isa = PBXFileReference; lastKnownFileType = text.plist.xml; path = Info.plist; sourceTree = "<group>"; };
/* End PBXFileReference section */

/* Begin PBXFrameworksBuildPhase section */
		BFC35DE12361A855000A35F7 /* Frameworks */ = {
			isa = PBXFrameworksBuildPhase;
			buildActionMask = 2147483647;
			files = (
			);
			runOnlyForDeploymentPostprocessing = 0;
		};
		BFC35DF72361A857000A35F7 /* Frameworks */ = {
			isa = PBXFrameworksBuildPhase;
			buildActionMask = 2147483647;
			files = (
			);
			runOnlyForDeploymentPostprocessing = 0;
		};
		BFC35E022361A857000A35F7 /* Frameworks */ = {
			isa = PBXFrameworksBuildPhase;
			buildActionMask = 2147483647;
			files = (
			);
			runOnlyForDeploymentPostprocessing = 0;
		};
/* End PBXFrameworksBuildPhase section */

/* Begin PBXGroup section */
		BFC35DDB2361A855000A35F7 = {
			isa = PBXGroup;
			children = (
				BFC35DE62361A855000A35F7 /* I am poor */,
				BFC35DFD2361A857000A35F7 /* I am poorTests */,
				BFC35E082361A857000A35F7 /* I am poorUITests */,
				BFC35DE52361A855000A35F7 /* Products */,
			);
			sourceTree = "<group>";
		};
		BFC35DE52361A855000A35F7 /* Products */ = {
			isa = PBXGroup;
			children = (
				BFC35DE42361A855000A35F7 /* I am poor.app */,
				BFC35DFA2361A857000A35F7 /* I am poorTests.xctest */,
				BFC35E052361A857000A35F7 /* I am poorUITests.xctest */,
			);
			name = Products;
			sourceTree = "<group>";
		};
		BFC35DE62361A855000A35F7 /* I am poor */ = {
			isa = PBXGroup;
			children = (
				BFC35DE72361A855000A35F7 /* AppDelegate.swift */,
				BFC35DE92361A855000A35F7 /* SceneDelegate.swift */,
				BFC35DEB2361A855000A35F7 /* ViewController.swift */,
				BFC35DED2361A855000A35F7 /* Main.storyboard */,
				BFC35DF02361A857000A35F7 /* Assets.xcassets */,
				BFC35DF22361A857000A35F7 /* LaunchScreen.storyboard */,
				BFC35DF52361A857000A35F7 /* Info.plist */,
			);
			path = "I am poor";
			sourceTree = "<group>";
		};
		BFC35DFD2361A857000A35F7 /* I am poorTests */ = {
			isa = PBXGroup;
			children = (
				BFC35DFE2361A857000A35F7 /* I_am_poorTests.swift */,
				BFC35E002361A857000A35F7 /* Info.plist */,
			);
			path = "I am poorTests";
			sourceTree = "<group>";
		};
		BFC35E082361A857000A35F7 /* I am poorUITests */ = {
			isa = PBXGroup;
			children = (
				BFC35E092361A857000A35F7 /* I_am_poorUITests.swift */,
				BFC35E0B2361A857000A35F7 /* Info.plist */,
			);
			path = "I am poorUITests";
			sourceTree = "<group>";
		};
/* End PBXGroup section */

/* Begin PBXNativeTarget section */
		BFC35DE32361A855000A35F7 /* I am poor */ = {
			isa = PBXNativeTarget;
			buildConfigurationList = BFC35E0E2361A857000A35F7 /* Build configuration list for PBXNativeTarget "I am poor" */;
			buildPhases = (
				BFC35DE02361A855000A35F7 /* Sources */,
				BFC35DE12361A855000A35F7 /* Frameworks */,
				BFC35DE22361A855000A35F7 /* Resources */,
			);
			buildRules = (
			);
			dependencies = (
			);
			name = "I am poor";
			productName = "I am poor";
			productReference = BFC35DE42361A855000A35F7 /* I am poor.app */;
			productType = "com.apple.product-type.application";
		};
		BFC35DF92361A857000A35F7 /* I am poorTests */ = {
			isa = PBXNativeTarget;
			buildConfigurationList = BFC35E112361A857000A35F7 /* Build configuration list for PBXNativeTarget "I am poorTests" */;
			buildPhases = (
				BFC35DF62361A857000A35F7 /* Sources */,
				BFC35DF72361A857000A35F7 /* Frameworks */,
				BFC35DF82361A857000A35F7 /* Resources */,
			);
			buildRules = (
			);
			dependencies = (
				BFC35DFC2361A857000A35F7 /* PBXTargetDependency */,
			);
			name = "I am poorTests";
			productName = "I am poorTests";
			productReference = BFC35DFA2361A857000A35F7 /* I am poorTests.xctest */;
			productType = "com.apple.product-type.bundle.unit-test";
		};
		BFC35E042361A857000A35F7 /* I am poorUITests */ = {
			isa = PBXNativeTarget;
			buildConfigurationList = BFC35E142361A857000A35F7 /* Build configuration list for PBXNativeTarget "I am poorUITests" */;
			buildPhases = (
				BFC35E012361A857000A35F7 /* Sources */,
				BFC35E022361A857000A35F7 /* Frameworks */,
				BFC35E032361A857000A35F7 /* Resources */,
			);
			buildRules = (
			);
			dependencies = (
				BFC35E072361A857000A35F7 /* PBXTargetDependency */,
			);
			name = "I am poorUITests";
			productName = "I am poorUITests";
			productReference = BFC35E052361A857000A35F7 /* I am poorUITests.xctest */;
			productType = "com.apple.product-type.bundle.ui-testing";
		};
/* End PBXNativeTarget section */

/* Begin PBXProject section */
		BFC35DDC2361A855000A35F7 /* Project object */ = {
			isa = PBXProject;
			attributes = {
				LastSwiftUpdateCheck = 1110;
				LastUpgradeCheck = 1110;
				ORGANIZATIONNAME = "廖政豪";
				TargetAttributes = {
					BFC35DE32361A855000A35F7 = {
						CreatedOnToolsVersion = 11.1;
					};
					BFC35DF92361A857000A35F7 = {
						CreatedOnToolsVersion = 11.1;
						TestTargetID = BFC35DE32361A855000A35F7;
					};
					BFC35E042361A857000A35F7 = {
						CreatedOnToolsVersion = 11.1;
						TestTargetID = BFC35DE32361A855000A35F7;
					};
				};
			};
			buildConfigurationList = BFC35DDF2361A855000A35F7 /* Build configuration list for PBXProject "I am poor" */;
			compatibilityVersion = "Xcode 9.3";
			developmentRegion = en;
			hasScannedForEncodings = 0;
			knownRegions = (
				en,
				Base,
			);
			mainGroup = BFC35DDB2361A855000A35F7;
			productRefGroup = BFC35DE52361A855000A35F7 /* Products */;
			projectDirPath = "";
			projectRoot = "";
			targets = (
				BFC35DE32361A855000A35F7 /* I am poor */,
				BFC35DF92361A857000A35F7 /* I am poorTests */,
				BFC35E042361A857000A35F7 /* I am poorUITests */,
			);
		};
/* End PBXProject section */

/* Begin PBXResourcesBuildPhase section */
		BFC35DE22361A855000A35F7 /* Resources */ = {
			isa = PBXResourcesBuildPhase;
			buildActionMask = 2147483647;
			files = (
				BFC35DF42361A857000A35F7 /* LaunchScreen.storyboard in Resources */,
				BFC35DF12361A857000A35F7 /* Assets.xcassets in Resources */,
				BFC35DEF2361A855000A35F7 /* Main.storyboard in Resources */,
			);
			runOnlyForDeploymentPostprocessing = 0;
		};
		BFC35DF82361A857000A35F7 /* Resources */ = {
			isa = PBXResourcesBuildPhase;
			buildActionMask = 2147483647;
			files = (
			);
			runOnlyForDeploymentPostprocessing = 0;
		};
		BFC35E032361A857000A35F7 /* Resources */ = {
			isa = PBXResourcesBuildPhase;
			buildActionMask = 2147483647;
			files = (
			);
			runOnlyForDeploymentPostprocessing = 0;
		};
/* End PBXResourcesBuildPhase section */

/* Begin PBXSourcesBuildPhase section */
		BFC35DE02361A855000A35F7 /* Sources */ = {
			isa = PBXSourcesBuildPhase;
			buildActionMask = 2147483647;
			files = (
				BFC35DEC2361A855000A35F7 /* ViewController.swift in Sources */,
				BFC35DE82361A855000A35F7 /* AppDelegate.swift in Sources */,
				BFC35DEA2361A855000A35F7 /* SceneDelegate.swift in Sources */,
			);
			runOnlyForDeploymentPostprocessing = 0;
		};
		BFC35DF62361A857000A35F7 /* Sources */ = {
			isa = PBXSourcesBuildPhase;
			buildActionMask = 2147483647;
			files = (
				BFC35DFF2361A857000A35F7 /* I_am_poorTests.swift in Sources */,
			);
			runOnlyForDeploymentPostprocessing = 0;
		};
		BFC35E012361A857000A35F7 /* Sources */ = {
			isa = PBXSourcesBuildPhase;
			buildActionMask = 2147483647;
			files = (
				BFC35E0A2361A857000A35F7 /* I_am_poorUITests.swift in Sources */,
			);
			runOnlyForDeploymentPostprocessing = 0;
		};
/* End PBXSourcesBuildPhase section */

/* Begin PBXTargetDependency section */
		BFC35DFC2361A857000A35F7 /* PBXTargetDependency */ = {
			isa = PBXTargetDependency;
			target = BFC35DE32361A855000A35F7 /* I am poor */;
			targetProxy = BFC35DFB2361A857000A35F7 /* PBXContainerItemProxy */;
		};
		BFC35E072361A857000A35F7 /* PBXTargetDependency */ = {
			isa = PBXTargetDependency;
			target = BFC35DE32361A855000A35F7 /* I am poor */;
			targetProxy = BFC35E062361A857000A35F7 /* PBXContainerItemProxy */;
		};
/* End PBXTargetDependency section */

/* Begin PBXVariantGroup section */
		BFC35DED2361A855000A35F7 /* Main.storyboard */ = {
			isa = PBXVariantGroup;
			children = (
				BFC35DEE2361A855000A35F7 /* Base */,
			);
			name = Main.storyboard;
			sourceTree = "<group>";
		};
		BFC35DF22361A857000A35F7 /* LaunchScreen.storyboard */ = {
			isa = PBXVariantGroup;
			children = (
				BFC35DF32361A857000A35F7 /* Base */,
			);
			name = LaunchScreen.storyboard;
			sourceTree = "<group>";
		};
/* End PBXVariantGroup section */

/* Begin XCBuildConfiguration section */
		BFC35E0C2361A857000A35F7 /* Debug */ = {
			isa = XCBuildConfiguration;
			buildSettings = {
				ALWAYS_SEARCH_USER_PATHS = NO;
				CLANG_ANALYZER_NONNULL = YES;
				CLANG_ANALYZER_NUMBER_OBJECT_CONVERSION = YES_AGGRESSIVE;
				CLANG_CXX_LANGUAGE_STANDARD = "gnu++14";
				CLANG_CXX_LIBRARY = "libc++";
				CLANG_ENABLE_MODULES = YES;
				CLANG_ENABLE_OBJC_ARC = YES;
				CLANG_ENABLE_OBJC_WEAK = YES;
				CLANG_WARN_BLOCK_CAPTURE_AUTORELEASING = YES;
				CLANG_WARN_BOOL_CONVERSION = YES;
				CLANG_WARN_COMMA = YES;
				CLANG_WARN_CONSTANT_CONVERSION = YES;
				CLANG_WARN_DEPRECATED_OBJC_IMPLEMENTATIONS = YES;
				CLANG_WARN_DIRECT_OBJC_ISA_USAGE = YES_ERROR;
				CLANG_WARN_DOCUMENTATION_COMMENTS = YES;
				CLANG_WARN_EMPTY_BODY = YES;
				CLANG_WARN_ENUM_CONVERSION = YES;
				CLANG_WARN_INFINITE_RECURSION = YES;
				CLANG_WARN_INT_CONVERSION = YES;
				CLANG_WARN_NON_LITERAL_NULL_CONVERSION = YES;
				CLANG_WARN_OBJC_IMPLICIT_RETAIN_SELF = YES;
				CLANG_WARN_OBJC_LITERAL_CONVERSION = YES;
				CLANG_WARN_OBJC_ROOT_CLASS = YES_ERROR;
				CLANG_WARN_RANGE_LOOP_ANALYSIS = YES;
				CLANG_WARN_STRICT_PROTOTYPES = YES;
				CLANG_WARN_SUSPICIOUS_MOVE = YES;
				CLANG_WARN_UNGUARDED_AVAILABILITY = YES_AGGRESSIVE;
				CLANG_WARN_UNREACHABLE_CODE = YES;
				CLANG_WARN__DUPLICATE_METHOD_MATCH = YES;
				COPY_PHASE_STRIP = NO;
				DEBUG_INFORMATION_FORMAT = dwarf;
				ENABLE_STRICT_OBJC_MSGSEND = YES;
				ENABLE_TESTABILITY = YES;
				GCC_C_LANGUAGE_STANDARD = gnu11;
				GCC_DYNAMIC_NO_PIC = NO;
				GCC_NO_COMMON_BLOCKS = YES;
				GCC_OPTIMIZATION_LEVEL = 0;
				GCC_PREPROCESSOR_DEFINITIONS = (
					"DEBUG=1",
					"$(inherited)",
				);
				GCC_WARN_64_TO_32_BIT_CONVERSION = YES;
				GCC_WARN_ABOUT_RETURN_TYPE = YES_ERROR;
				GCC_WARN_UNDECLARED_SELECTOR = YES;
				GCC_WARN_UNINITIALIZED_AUTOS = YES_AGGRESSIVE;
				GCC_WARN_UNUSED_FUNCTION = YES;
				GCC_WARN_UNUSED_VARIABLE = YES;
				IPHONEOS_DEPLOYMENT_TARGET = 13.1;
				MTL_ENABLE_DEBUG_INFO = INCLUDE_SOURCE;
				MTL_FAST_MATH = YES;
				ONLY_ACTIVE_ARCH = YES;
				SDKROOT = iphoneos;
				SWIFT_ACTIVE_COMPILATION_CONDITIONS = DEBUG;
				SWIFT_OPTIMIZATION_LEVEL = "-Onone";
			};
			name = Debug;
		};
		BFC35E0D2361A857000A35F7 /* Release */ = {
			isa = XCBuildConfiguration;
			buildSettings = {
				ALWAYS_SEARCH_USER_PATHS = NO;
				CLANG_ANALYZER_NONNULL = YES;
				CLANG_ANALYZER_NUMBER_OBJECT_CONVERSION = YES_AGGRESSIVE;
				CLANG_CXX_LANGUAGE_STANDARD = "gnu++14";
				CLANG_CXX_LIBRARY = "libc++";
				CLANG_ENABLE_MODULES = YES;
				CLANG_ENABLE_OBJC_ARC = YES;
				CLANG_ENABLE_OBJC_WEAK = YES;
				CLANG_WARN_BLOCK_CAPTURE_AUTORELEASING = YES;
				CLANG_WARN_BOOL_CONVERSION = YES;
				CLANG_WARN_COMMA = YES;
				CLANG_WARN_CONSTANT_CONVERSION = YES;
				CLANG_WARN_DEPRECATED_OBJC_IMPLEMENTATIONS = YES;
				CLANG_WARN_DIRECT_OBJC_ISA_USAGE = YES_ERROR;
				CLANG_WARN_DOCUMENTATION_COMMENTS = YES;
				CLANG_WARN_EMPTY_BODY = YES;
				CLANG_WARN_ENUM_CONVERSION = YES;
				CLANG_WARN_INFINITE_RECURSION = YES;
				CLANG_WARN_INT_CONVERSION = YES;
				CLANG_WARN_NON_LITERAL_NULL_CONVERSION = YES;
				CLANG_WARN_OBJC_IMPLICIT_RETAIN_SELF = YES;
				CLANG_WARN_OBJC_LITERAL_CONVERSION = YES;
				CLANG_WARN_OBJC_ROOT_CLASS = YES_ERROR;
				CLANG_WARN_RANGE_LOOP_ANALYSIS = YES;
				CLANG_WARN_STRICT_PROTOTYPES = YES;
				CLANG_WARN_SUSPICIOUS_MOVE = YES;
				CLANG_WARN_UNGUARDED_AVAILABILITY = YES_AGGRESSIVE;
				CLANG_WARN_UNREACHABLE_CODE = YES;
				CLANG_WARN__DUPLICATE_METHOD_MATCH = YES;
				COPY_PHASE_STRIP = NO;
				DEBUG_INFORMATION_FORMAT = "dwarf-with-dsym";
				ENABLE_NS_ASSERTIONS = NO;
				ENABLE_STRICT_OBJC_MSGSEND = YES;
				GCC_C_LANGUAGE_STANDARD = gnu11;
				GCC_NO_COMMON_BLOCKS = YES;
				GCC_WARN_64_TO_32_BIT_CONVERSION = YES;
				GCC_WARN_ABOUT_RETURN_TYPE = YES_ERROR;
				GCC_WARN_UNDECLARED_SELECTOR = YES;
				GCC_WARN_UNINITIALIZED_AUTOS = YES_AGGRESSIVE;
				GCC_WARN_UNUSED_FUNCTION = YES;
				GCC_WARN_UNUSED_VARIABLE = YES;
				IPHONEOS_DEPLOYMENT_TARGET = 13.1;
				MTL_ENABLE_DEBUG_INFO = NO;
				MTL_FAST_MATH = YES;
				SDKROOT = iphoneos;
				SWIFT_COMPILATION_MODE = wholemodule;
				SWIFT_OPTIMIZATION_LEVEL = "-O";
				VALIDATE_PRODUCT = YES;
			};
			name = Release;
		};
		BFC35E0F2361A857000A35F7 /* Debug */ = {
			isa = XCBuildConfiguration;
			buildSettings = {
				ASSETCATALOG_COMPILER_APPICON_NAME = AppIcon;
				CODE_SIGN_STYLE = Automatic;
				DEVELOPMENT_TEAM = 7ZKAV74ARP;
				INFOPLIST_FILE = "I am poor/Info.plist";
				LD_RUNPATH_SEARCH_PATHS = (
					"$(inherited)",
					"@executable_path/Frameworks",
				);
				PRODUCT_BUNDLE_IDENTIFIER = "com.louisliao.I-am-poor";
				PRODUCT_NAME = "$(TARGET_NAME)";
				SWIFT_VERSION = 5.0;
				TARGETED_DEVICE_FAMILY = "1,2";
			};
			name = Debug;
		};
		BFC35E102361A857000A35F7 /* Release */ = {
			isa = XCBuildConfiguration;
			buildSettings = {
				ASSETCATALOG_COMPILER_APPICON_NAME = AppIcon;
				CODE_SIGN_STYLE = Automatic;
				DEVELOPMENT_TEAM = 7ZKAV74ARP;
				INFOPLIST_FILE = "I am poor/Info.plist";
				LD_RUNPATH_SEARCH_PATHS = (
					"$(inherited)",
					"@executable_path/Frameworks",
				);
				PRODUCT_BUNDLE_IDENTIFIER = "com.louisliao.I-am-poor";
				PRODUCT_NAME = "$(TARGET_NAME)";
				SWIFT_VERSION = 5.0;
				TARGETED_DEVICE_FAMILY = "1,2";
			};
			name = Release;
		};
		BFC35E122361A857000A35F7 /* Debug */ = {
			isa = XCBuildConfiguration;
			buildSettings = {
				ALWAYS_EMBED_SWIFT_STANDARD_LIBRARIES = YES;
				BUNDLE_LOADER = "$(TEST_HOST)";
				CODE_SIGN_STYLE = Automatic;
				INFOPLIST_FILE = "I am poorTests/Info.plist";
				IPHONEOS_DEPLOYMENT_TARGET = 13.1;
				LD_RUNPATH_SEARCH_PATHS = (
					"$(inherited)",
					"@executable_path/Frameworks",
					"@loader_path/Frameworks",
				);
				PRODUCT_BUNDLE_IDENTIFIER = "com.louisliao.I-am-poorTests";
				PRODUCT_NAME = "$(TARGET_NAME)";
				SWIFT_VERSION = 5.0;
				TARGETED_DEVICE_FAMILY = "1,2";
				TEST_HOST = "$(BUILT_PRODUCTS_DIR)/I am poor.app/I am poor";
			};
			name = Debug;
		};
		BFC35E132361A857000A35F7 /* Release */ = {
			isa = XCBuildConfiguration;
			buildSettings = {
				ALWAYS_EMBED_SWIFT_STANDARD_LIBRARIES = YES;
				BUNDLE_LOADER = "$(TEST_HOST)";
				CODE_SIGN_STYLE = Automatic;
				INFOPLIST_FILE = "I am poorTests/Info.plist";
				IPHONEOS_DEPLOYMENT_TARGET = 13.1;
				LD_RUNPATH_SEARCH_PATHS = (
					"$(inherited)",
					"@executable_path/Frameworks",
					"@loader_path/Frameworks",
				);
				PRODUCT_BUNDLE_IDENTIFIER = "com.louisliao.I-am-poorTests";
				PRODUCT_NAME = "$(TARGET_NAME)";
				SWIFT_VERSION = 5.0;
				TARGETED_DEVICE_FAMILY = "1,2";
				TEST_HOST = "$(BUILT_PRODUCTS_DIR)/I am poor.app/I am poor";
			};
			name = Release;
		};
		BFC35E152361A857000A35F7 /* Debug */ = {
			isa = XCBuildConfiguration;
			buildSettings = {
				ALWAYS_EMBED_SWIFT_STANDARD_LIBRARIES = YES;
				CODE_SIGN_STYLE = Automatic;
				INFOPLIST_FILE = "I am poorUITests/Info.plist";
				LD_RUNPATH_SEARCH_PATHS = (
					"$(inherited)",
					"@executable_path/Frameworks",
					"@loader_path/Frameworks",
				);
				PRODUCT_BUNDLE_IDENTIFIER = "com.louisliao.I-am-poorUITests";
				PRODUCT_NAME = "$(TARGET_NAME)";
				SWIFT_VERSION = 5.0;
				TARGETED_DEVICE_FAMILY = "1,2";
				TEST_TARGET_NAME = "I am poor";
			};
			name = Debug;
		};
		BFC35E162361A857000A35F7 /* Release */ = {
			isa = XCBuildConfiguration;
			buildSettings = {
				ALWAYS_EMBED_SWIFT_STANDARD_LIBRARIES = YES;
				CODE_SIGN_STYLE = Automatic;
				INFOPLIST_FILE = "I am poorUITests/Info.plist";
				LD_RUNPATH_SEARCH_PATHS = (
					"$(inherited)",
					"@executable_path/Frameworks",
					"@loader_path/Frameworks",
				);
				PRODUCT_BUNDLE_IDENTIFIER = "com.louisliao.I-am-poorUITests";
				PRODUCT_NAME = "$(TARGET_NAME)";
				SWIFT_VERSION = 5.0;
				TARGETED_DEVICE_FAMILY = "1,2";
				TEST_TARGET_NAME = "I am poor";
			};
			name = Release;
		};
/* End XCBuildConfiguration section */

/* Begin XCConfigurationList section */
		BFC35DDF2361A855000A35F7 /* Build configuration list for PBXProject "I am poor" */ = {
			isa = XCConfigurationList;
			buildConfigurations = (
				BFC35E0C2361A857000A35F7 /* Debug */,
				BFC35E0D2361A857000A35F7 /* Release */,
			);
			defaultConfigurationIsVisible = 0;
			defaultConfigurationName = Release;
		};
		BFC35E0E2361A857000A35F7 /* Build configuration list for PBXNativeTarget "I am poor" */ = {
			isa = XCConfigurationList;
			buildConfigurations = (
				BFC35E0F2361A857000A35F7 /* Debug */,
				BFC35E102361A857000A35F7 /* Release */,
			);
			defaultConfigurationIsVisible = 0;
			defaultConfigurationName = Release;
		};
		BFC35E112361A857000A35F7 /* Build configuration list for PBXNativeTarget "I am poorTests" */ = {
			isa = XCConfigurationList;
			buildConfigurations = (
				BFC35E122361A857000A35F7 /* Debug */,
				BFC35E132361A857000A35F7 /* Release */,
			);
			defaultConfigurationIsVisible = 0;
			defaultConfigurationName = Release;
		};
		BFC35E142361A857000A35F7 /* Build configuration list for PBXNativeTarget "I am poorUITests" */ = {
			isa = XCConfigurationList;
			buildConfigurations = (
				BFC35E152361A857000A35F7 /* Debug */,
				BFC35E162361A857000A35F7 /* Release */,
			);
			defaultConfigurationIsVisible = 0;
			defaultConfigurationName = Release;
		};
/* End XCConfigurationList section */
	};
	rootObject = BFC35DDC2361A855000A35F7 /* Project object */;
}
